# THIS IS AN AUTOGENERATED FILE. DO NOT EDIT THIS FILE DIRECTLY.
# yarn lockfile v1


"@bufbuild/buf-darwin-arm64@1.24.0":
  version "1.24.0"
  resolved "https://registry.yarnpkg.com/@bufbuild/buf-darwin-arm64/-/buf-darwin-arm64-1.24.0.tgz#9f3bd1f7b9f6ea73e6a4e491c1971cc817da3894"
  integrity sha512-PfdL8nlVyfB6Fwzute1Wvo5G9B6rKkKTR1llc/ZdB0t2tx39gzknIuTDfPMlXHo4jb7Yi7bBrnMtoIL4W2k4Xg==

"@bufbuild/buf-darwin-x64@1.24.0":
  version "1.24.0"
  resolved "https://registry.yarnpkg.com/@bufbuild/buf-darwin-x64/-/buf-darwin-x64-1.24.0.tgz#e2c610883923f194323a6a88426f2349fea88c76"
  integrity sha512-gnjXBl9FnXEPbHEMot2mGCghQC+PU7h8YhhtJMg4CGaeiUhzJriEo78ILcGdzymIK5fie/HdhJhj+CSoEkA6fw==

"@bufbuild/buf-linux-aarch64@1.24.0":
  version "1.24.0"
  resolved "https://registry.yarnpkg.com/@bufbuild/buf-linux-aarch64/-/buf-linux-aarch64-1.24.0.tgz#b08ea6813fc87fde35ee02e68243af440117ef1c"
  integrity sha512-SzA0vR4tQF1TEmyLi6q5UZliZ9gOb5k3qN/DtkskNDAScr4Xwf7O2WUCldVTAtat3B4LRlNZv6GoFgMDQ+vGiw==

"@bufbuild/buf-linux-x64@1.24.0":
  version "1.24.0"
  resolved "https://registry.yarnpkg.com/@bufbuild/buf-linux-x64/-/buf-linux-x64-1.24.0.tgz#cf945bd96f4fed50f0fe42dc86b9c7052ac660e2"
  integrity sha512-+8mZZFEr4QyOOJ1HnBkF9dtu/l3SQTOY8+A0HrALd7DxNlxHITwp3+0Ui+S3HeaWCxweubWUdyLT9NGvsSWSfg==

"@bufbuild/buf-win32-arm64@1.24.0":
  version "1.24.0"
  resolved "https://registry.yarnpkg.com/@bufbuild/buf-win32-arm64/-/buf-win32-arm64-1.24.0.tgz#c7fe1a56228353425efbbf6b6e15b20f5c7783cd"
  integrity sha512-Nae0JZA3P7nuwIDnjceHe8q2Prd34wuFGxr9BYHbewAYtf0inD8bed3ImMhgsRl5TOqTGS09aTAZZqQWqqWM8w==

"@bufbuild/buf-win32-x64@1.24.0":
  version "1.24.0"
  resolved "https://registry.yarnpkg.com/@bufbuild/buf-win32-x64/-/buf-win32-x64-1.24.0.tgz#bec3ebda3d35753543b40a86a39e5fe45c11c823"
  integrity sha512-7OCXYLHCn7rZtIVy9xoA/Sv/e9xnJGS6zpWSo/AYRR2LxPCAOP4R+ZjpqyhgjdZxvJSDYTzeNE4M0vAMKNm+1g==

"@bufbuild/buf@^1.23.1":
  version "1.24.0"
  resolved "https://registry.yarnpkg.com/@bufbuild/buf/-/buf-1.24.0.tgz#6d11bcce2628b78ecc8db46bbfcaaf72c450f2a8"
  integrity sha512-OStfyhCf2QVYnYygk69utm7VhpuaTY9ezZakt6oo2DNWoeOjkTDXkpH41bo5Q9IFFKCU/tRtRW0rkQDE21ExYw==
  optionalDependencies:
    "@bufbuild/buf-darwin-arm64" "1.24.0"
    "@bufbuild/buf-darwin-x64" "1.24.0"
    "@bufbuild/buf-linux-aarch64" "1.24.0"
    "@bufbuild/buf-linux-x64" "1.24.0"
    "@bufbuild/buf-win32-arm64" "1.24.0"
    "@bufbuild/buf-win32-x64" "1.24.0"

nvm@^0.0.4:
  version "0.0.4"
  resolved "https://registry.yarnpkg.com/nvm/-/nvm-0.0.4.tgz#38a178e9d31b283508c92d15c9da861d1a9210bc"
  integrity sha512-jvmyELykYcdyd0VCGY0E8Aqe5MngEasVvlPvrcJHbwBMUbVqa72mPdQuPzyTcykEtEx7jDrMY0QA5MoV+8EhgA==
