# Generated by buf. DO NOT EDIT.
version: v1
deps:
  - remote: buf.build
    owner: substrait
    repository: substrait
    commit: 95df3436d83240bc8ecdd65d9a9e6832
    digest: shake256:ac4b6a5182f52bf22a45b839db5c05202b17fa48c3003ba7f4f4a685a9030138c6ab6ab71a8a6843accf8c9ace1de9c0399e1e20223a77a5d5160af0243431a8
